
Microsoft Visual Studio Solution File, Format Version 12.00
# Visual Studio Version 16
VisualStudioVersion = 16.0.30717.126
MinimumVisualStudioVersion = 10.0.40219.1
Project("{FAE04EC0-301F-11D3-BF4B-00C04F79EFBC}") = "SettingUp_Database_Splash_Screen", "SettingUp_Database_Splash_Screen\SettingUp_Database_Splash_Screen.csproj", "{20F4FE16-7146-480E-AFEA-B8C826F1D408}"
EndProject
Global
	GlobalSection(SolutionConfigurationPlatforms) = preSolution
		Debug|Any CPU = Debug|Any CPU
		Release|Any CPU = Release|Any CPU
	EndGlobalSection
	GlobalSection(ProjectConfigurationPlatforms) = postSolution
		{20F4FE16-7146-480E-AFEA-B8C826F1D408}.Debug|Any CPU.ActiveCfg = Debug|Any CPU
		{20F4FE16-7146-480E-AFEA-B8C826F1D408}.Debug|Any CPU.Build.0 = Debug|Any CPU
		{20F4FE16-7146-480E-AFEA-B8C826F1D408}.Release|Any CPU.ActiveCfg = Release|Any CPU
		{20F4FE16-7146-480E-AFEA-B8C826F1D408}.Release|Any CPU.Build.0 = Release|Any CPU
	EndGlobalSection
	GlobalSection(SolutionProperties) = preSolution
		HideSolutionNode = FALSE
	EndGlobalSection
	GlobalSection(ExtensibilityGlobals) = postSolution
		SolutionGuid = {C1483F45-1AA5-4727-BB90-61B21C984C1D}
	EndGlobalSection
EndGlobal
